# THIS IS AN AUTOGENERATED FILE. DO NOT EDIT THIS FILE DIRECTLY.
# yarn lockfile v1


"@fortawesome/fontawesome-common-types@^0.3.0-beta3":
  version "0.3.0-beta3"
  resolved "https://registry.yarnpkg.com/@fortawesome/fontawesome-common-types/-/fontawesome-common-types-0.3.0-beta3.tgz#8bd8fc862085998adf0875e06ba0cd16a4a12d82"
  integrity sha512-OT7fRVwAgQPOivlNP2gYcCe2uzyf+r6vSv/TgliTKnOiGVNL5O7LYh8nLucY0gbnhC6OygaXnA8+hY899FVooQ==

"@fortawesome/fontawesome-svg-core@^1.3.0-beta3":
  version "1.3.0-beta3"
  resolved "https://registry.yarnpkg.com/@fortawesome/fontawesome-svg-core/-/fontawesome-svg-core-1.3.0-beta3.tgz#79eff2237ccef644ffdb3f2bef943458333f8614"
  integrity sha512-LPK7WR5R+7xOhuDZIlqR8rqUyA87mj5OLQwaSO65DolZLiFrYPZwQc/dCfWP3Sa7LwULFJOE+FPqO9Iq/oiQ6Q==
  dependencies:
    "@fortawesome/fontawesome-common-types" "^0.3.0-beta3"

"@fortawesome/free-regular-svg-icons@^6.0.0-beta3":
  version "6.0.0-beta3"
  resolved "https://registry.yarnpkg.com/@fortawesome/free-regular-svg-icons/-/free-regular-svg-icons-6.0.0-beta3.tgz#b5614112ff78855c5701679aa6c62675480cbc52"
  integrity sha512-4Nyi3FGB/t6c7WP9/0G6pk/mSi2Yc+NRMyI+ewgNjLsSDYaSErocJ27oW6tuglxDLSNXTRaa8sK5DYMaY5Fabg==
  dependencies:
    "@fortawesome/fontawesome-common-types" "^0.3.0-beta3"

"@fortawesome/free-solid-svg-icons@^6.0.0-beta3":
  version "6.0.0-beta3"
  resolved "https://registry.yarnpkg.com/@fortawesome/free-solid-svg-icons/-/free-solid-svg-icons-6.0.0-beta3.tgz#3c0570a6389c2e2a040479c16bd7fafe75465ad0"
  integrity sha512-7+62D0MK5fy/mzmTNx0P4QzHWzKE4oXdUER6bvR3qzux7hpM3QNzqPAGML7iBf5LG5yYK8mnh+yHWa1KRKUfRg==
  dependencies:
    "@fortawesome/fontawesome-common-types" "^0.3.0-beta3"

"@fortawesome/react-fontawesome@^0.1.16":
  version "0.1.16"
  resolved "https://registry.yarnpkg.com/@fortawesome/react-fontawesome/-/react-fontawesome-0.1.16.tgz#ce7665490214e20f929368d6b65f68884a99276a"
  integrity sha512-aLmzDwC9rEOAJv2UJdMns89VZR5Ry4IHu5dQQh24Z/lWKEm44lfQr1UNalZlkUaQN8d155tNh+CS7ntntj1VMA==
  dependencies:
    prop-types "^15.7.2"

"js-tokens@^3.0.0 || ^4.0.0":
  version "4.0.0"
  resolved "https://registry.yarnpkg.com/js-tokens/-/js-tokens-4.0.0.tgz#19203fb59991df98e3a287050d4647cdeaf32499"
  integrity sha512-RdJUflcE3cUzKiMqQgsCu06FPu9UdIJO0beYbPhHN4k6apgJtifcoCtT9bcxOpYBtpD2kCM6Sbzg4CausW/PKQ==

loose-envify@^1.4.0:
  version "1.4.0"
  resolved "https://registry.yarnpkg.com/loose-envify/-/loose-envify-1.4.0.tgz#71ee51fa7be4caec1a63839f7e682d8132d30caf"
  integrity sha512-lyuxPGr/Wfhrlem2CL/UcnUc1zcqKAImBDzukY7Y5F/yQiNdko6+fRLevlw1HgMySw7f611UIY408EtxRSoK3Q==
  dependencies:
    js-tokens "^3.0.0 || ^4.0.0"

object-assign@^4.1.1:
  version "4.1.1"
  resolved "https://registry.yarnpkg.com/object-assign/-/object-assign-4.1.1.tgz#2109adc7965887cfc05cbbd442cac8bfbb360863"
  integrity sha1-IQmtx5ZYh8/AXLvUQsrIv7s2CGM=

prop-types@^15.7.2:
  version "15.8.0"
  resolved "https://registry.yarnpkg.com/prop-types/-/prop-types-15.8.0.tgz#d237e624c45a9846e469f5f31117f970017ff588"
  integrity sha512-fDGekdaHh65eI3lMi5OnErU6a8Ighg2KjcjQxO7m8VHyWjcPyj5kiOgV1LQDOOOgVy3+5FgjXvdSSX7B8/5/4g==
  dependencies:
    loose-envify "^1.4.0"
    object-assign "^4.1.1"
    react-is "^16.13.1"

react-is@^16.13.1:
  version "16.13.1"
  resolved "https://registry.yarnpkg.com/react-is/-/react-is-16.13.1.tgz#789729a4dc36de2999dc156dd6c1d9c18cea56a4"
  integrity sha512-24e6ynE2H+OKt4kqsOvNd8kBpV65zoxbA4BVsEOB3ARVWQki/DHzaUoC5KuON/BiccDaCCTZBuOcfZs70kR8bQ==
